
Microsoft Visual Studio Solution File, Format Version 12.00
# Visual Studio Version 17
VisualStudioVersion = 17.0.31903.59
MinimumVisualStudioVersion = 10.0.40219.1
Project("{FAE04EC0-301F-11D3-BF4B-00C04F79EFBC}") = "IncidentManager.Api", "IncidentManager.Api\IncidentManager.Api.csproj", "{A6486C4A-7ABB-4E24-98B3-19F2EE5A09BA}"
EndProject
Project("{FAE04EC0-301F-11D3-BF4B-00C04F79EFBC}") = "IncidentManager.Tests", "IncidentManager.Tests\IncidentManager.Tests.csproj", "{0275DD6D-74A3-46E1-ADE6-752543AA6CB9}"
EndProject
Global
	GlobalSection(SolutionConfigurationPlatforms) = preSolution
		Debug|Any CPU = Debug|Any CPU
		Debug|x64 = Debug|x64
		Debug|x86 = Debug|x86
		Release|Any CPU = Release|Any CPU
		Release|x64 = Release|x64
		Release|x86 = Release|x86
	EndGlobalSection
	GlobalSection(ProjectConfigurationPlatforms) = postSolution
		{A6486C4A-7ABB-4E24-98B3-19F2EE5A09BA}.Debug|Any CPU.ActiveCfg = Debug|Any CPU
		{A6486C4A-7ABB-4E24-98B3-19F2EE5A09BA}.Debug|Any CPU.Build.0 = Debug|Any CPU
		{A6486C4A-7ABB-4E24-98B3-19F2EE5A09BA}.Debug|x64.ActiveCfg = Debug|Any CPU
		{A6486C4A-7ABB-4E24-98B3-19F2EE5A09BA}.Debug|x64.Build.0 = Debug|Any CPU
		{A6486C4A-7ABB-4E24-98B3-19F2EE5A09BA}.Debug|x86.ActiveCfg = Debug|Any CPU
		{A6486C4A-7ABB-4E24-98B3-19F2EE5A09BA}.Debug|x86.Build.0 = Debug|Any CPU
		{A6486C4A-7ABB-4E24-98B3-19F2EE5A09BA}.Release|Any CPU.ActiveCfg = Release|Any CPU
		{A6486C4A-7ABB-4E24-98B3-19F2EE5A09BA}.Release|Any CPU.Build.0 = Release|Any CPU
		{A6486C4A-7ABB-4E24-98B3-19F2EE5A09BA}.Release|x64.ActiveCfg = Release|Any CPU
		{A6486C4A-7ABB-4E24-98B3-19F2EE5A09BA}.Release|x64.Build.0 = Release|Any CPU
		{A6486C4A-7ABB-4E24-98B3-19F2EE5A09BA}.Release|x86.ActiveCfg = Release|Any CPU
		{A6486C4A-7ABB-4E24-98B3-19F2EE5A09BA}.Release|x86.Build.0 = Release|Any CPU
		{0275DD6D-74A3-46E1-ADE6-752543AA6CB9}.Debug|Any CPU.ActiveCfg = Debug|Any CPU
		{0275DD6D-74A3-46E1-ADE6-752543AA6CB9}.Debug|Any CPU.Build.0 = Debug|Any CPU
		{0275DD6D-74A3-46E1-ADE6-752543AA6CB9}.Debug|x64.ActiveCfg = Debug|Any CPU
		{0275DD6D-74A3-46E1-ADE6-752543AA6CB9}.Debug|x64.Build.0 = Debug|Any CPU
		{0275DD6D-74A3-46E1-ADE6-752543AA6CB9}.Debug|x86.ActiveCfg = Debug|Any CPU
		{0275DD6D-74A3-46E1-ADE6-752543AA6CB9}.Debug|x86.Build.0 = Debug|Any CPU
		{0275DD6D-74A3-46E1-ADE6-752543AA6CB9}.Release|Any CPU.ActiveCfg = Release|Any CPU
		{0275DD6D-74A3-46E1-ADE6-752543AA6CB9}.Release|Any CPU.Build.0 = Release|Any CPU
		{0275DD6D-74A3-46E1-ADE6-752543AA6CB9}.Release|x64.ActiveCfg = Release|Any CPU
		{0275DD6D-74A3-46E1-ADE6-752543AA6CB9}.Release|x64.Build.0 = Release|Any CPU
		{0275DD6D-74A3-46E1-ADE6-752543AA6CB9}.Release|x86.ActiveCfg = Release|Any CPU
		{0275DD6D-74A3-46E1-ADE6-752543AA6CB9}.Release|x86.Build.0 = Release|Any CPU
	EndGlobalSection
	GlobalSection(SolutionProperties) = preSolution
		HideSolutionNode = FALSE
	EndGlobalSection
EndGlobal
